
Microsoft Visual Studio Solution File, Format Version 12.00
# Visual Studio Version 17
VisualStudioVersion = 17.3.32819.101
MinimumVisualStudioVersion = 10.0.40219.1
Project("{FAE04EC0-301F-11D3-BF4B-00C04F79EFBC}") = "BaseCore", "BaseCore\BaseCore.csproj", "{9822E3BF-50DF-4284-9495-235E313EE56B}"
EndProject
Global
	GlobalSection(SolutionConfigurationPlatforms) = preSolution
		Debug|Any CPU = Debug|Any CPU
		Release|Any CPU = Release|Any CPU
	EndGlobalSection
	GlobalSection(ProjectConfigurationPlatforms) = postSolution
		{9822E3BF-50DF-4284-9495-235E313EE56B}.Debug|Any CPU.ActiveCfg = Debug|Any CPU
		{9822E3BF-50DF-4284-9495-235E313EE56B}.Debug|Any CPU.Build.0 = Debug|Any CPU
		{9822E3BF-50DF-4284-9495-235E313EE56B}.Release|Any CPU.ActiveCfg = Release|Any CPU
		{9822E3BF-50DF-4284-9495-235E313EE56B}.Release|Any CPU.Build.0 = Release|Any CPU
	EndGlobalSection
	GlobalSection(SolutionProperties) = preSolution
		HideSolutionNode = FALSE
	EndGlobalSection
	GlobalSection(ExtensibilityGlobals) = postSolution
		SolutionGuid = {DC8AC913-AEB9-4595-8123-8026A91B5810}
	EndGlobalSection
EndGlobal
